// !$*UTF8*$!
{
	archiveVersion = 1;
	classes = {
	};
	objectVersion = 48;
	objects = {

/* Begin PBXBuildFile section */
		790522392078ECEC00ACAA7B /* AppDelegate.swift in Sources */ = {isa = PBXBuildFile; fileRef = 790522382078ECEC00ACAA7B /* AppDelegate.swift */; };
		7905223B2078ECEC00ACAA7B /* ViewController.swift in Sources */ = {isa = PBXBuildFile; fileRef = 7905223A2078ECEC00ACAA7B /* ViewController.swift */; };
		7905223E2078ECEC00ACAA7B /* Main.storyboard in Resources */ = {isa = PBXBuildFile; fileRef = 7905223C2078ECEC00ACAA7B /* Main.storyboard */; };
		790522412078ECEC00ACAA7B /* Find_somethings.xcdatamodeld in Sources */ = {isa = PBXBuildFile; fileRef = 7905223F2078ECEC00ACAA7B /* Find_somethings.xcdatamodeld */; };
		790522432078ECEC00ACAA7B /* Assets.xcassets in Resources */ = {isa = PBXBuildFile; fileRef = 790522422078ECEC00ACAA7B /* Assets.xcassets */; };
		790522462078ECEC00ACAA7B /* LaunchScreen.storyboard in Resources */ = {isa = PBXBuildFile; fileRef = 790522442078ECEC00ACAA7B /* LaunchScreen.storyboard */; };
/* End PBXBuildFile section */

/* Begin PBXFileReference section */
		790522352078ECEC00ACAA7B /* Find somethings.app */ = {isa = PBXFileReference; explicitFileType = wrapper.application; includeInIndex = 0; path = "Find somethings.app"; sourceTree = BUILT_PRODUCTS_DIR; };
		790522382078ECEC00ACAA7B /* AppDelegate.swift */ = {isa = PBXFileReference; lastKnownFileType = sourcecode.swift; path = AppDelegate.swift; sourceTree = "<group>"; };
		7905223A2078ECEC00ACAA7B /* ViewController.swift */ = {isa = PBXFileReference; lastKnownFileType = sourcecode.swift; path = ViewController.swift; sourceTree = "<group>"; };
		7905223D2078ECEC00ACAA7B /* Base */ = {isa = PBXFileReference; lastKnownFileType = file.storyboard; name = Base; path = Base.lproj/Main.storyboard; sourceTree = "<group>"; };
		790522402078ECEC00ACAA7B /* Find_somethings.xcdatamodel */ = {isa = PBXFileReference; lastKnownFileType = wrapper.xcdatamodel; path = Find_somethings.xcdatamodel; sourceTree = "<group>"; };
		790522422078ECEC00ACAA7B /* Assets.xcassets */ = {isa = PBXFileReference; lastKnownFileType = folder.assetcatalog; path = Assets.xcassets; sourceTree = "<group>"; };
		790522452078ECEC00ACAA7B /* Base */ = {isa = PBXFileReference; lastKnownFileType = file.storyboard; name = Base; path = Base.lproj/LaunchScreen.storyboard; sourceTree = "<group>"; };
		790522472078ECEC00ACAA7B /* Info.plist */ = {isa = PBXFileReference; lastKnownFileType = text.plist.xml; path = Info.plist; sourceTree = "<group>"; };
/* End PBXFileReference section */

/* Begin PBXFrameworksBuildPhase section */
		790522322078ECEC00ACAA7B /* Frameworks */ = {
			isa = PBXFrameworksBuildPhase;
			buildActionMask = 2147483647;
			files = (
			);
			runOnlyForDeploymentPostprocessing = 0;
		};
/* End PBXFrameworksBuildPhase section */

/* Begin PBXGroup section */
		7905222C2078ECEC00ACAA7B = {
			isa = PBXGroup;
			children = (
				790522372078ECEC00ACAA7B /* Find somethings */,
				790522362078ECEC00ACAA7B /* Products */,
			);
			sourceTree = "<group>";
		};
		790522362078ECEC00ACAA7B /* Products */ = {
			isa = PBXGroup;
			children = (
				790522352078ECEC00ACAA7B /* Find somethings.app */,
			);
			name = Products;
			sourceTree = "<group>";
		};
		790522372078ECEC00ACAA7B /* Find somethings */ = {
			isa = PBXGroup;
			children = (
				790522382078ECEC00ACAA7B /* AppDelegate.swift */,
				7905223A2078ECEC00ACAA7B /* ViewController.swift */,
				7905223C2078ECEC00ACAA7B /* Main.storyboard */,
				790522422078ECEC00ACAA7B /* Assets.xcassets */,
				790522442078ECEC00ACAA7B /* LaunchScreen.storyboard */,
				790522472078ECEC00ACAA7B /* Info.plist */,
				7905223F2078ECEC00ACAA7B /* Find_somethings.xcdatamodeld */,
			);
			path = "Find somethings";
			sourceTree = "<group>";
		};
/* End PBXGroup section */

/* Begin PBXNativeTarget section */
		790522342078ECEC00ACAA7B /* Find somethings */ = {
			isa = PBXNativeTarget;
			buildConfigurationList = 7905224A2078ECEC00ACAA7B /* Build configuration list for PBXNativeTarget "Find somethings" */;
			buildPhases = (
				790522312078ECEC00ACAA7B /* Sources */,
				790522322078ECEC00ACAA7B /* Frameworks */,
				790522332078ECEC00ACAA7B /* Resources */,
			);
			buildRules = (
			);
			dependencies = (
			);
			name = "Find somethings";
			productName = "Find somethings";
			productReference = 790522352078ECEC00ACAA7B /* Find somethings.app */;
			productType = "com.apple.product-type.application";
		};
/* End PBXNativeTarget section */

/* Begin PBXProject section */
		7905222D2078ECEC00ACAA7B /* Project object */ = {
			isa = PBXProject;
			attributes = {
				LastSwiftUpdateCheck = 0910;
				LastUpgradeCheck = 0910;
				ORGANIZATIONNAME = "WANG ZHIPENG";
				TargetAttributes = {
					790522342078ECEC00ACAA7B = {
						CreatedOnToolsVersion = 9.1;
						ProvisioningStyle = Automatic;
					};
				};
			};
			buildConfigurationList = 790522302078ECEC00ACAA7B /* Build configuration list for PBXProject "Find somethings" */;
			compatibilityVersion = "Xcode 8.0";
			developmentRegion = en;
			hasScannedForEncodings = 0;
			knownRegions = (
				en,
				Base,
			);
			mainGroup = 7905222C2078ECEC00ACAA7B;
			productRefGroup = 790522362078ECEC00ACAA7B /* Products */;
			projectDirPath = "";
			projectRoot = "";
			targets = (
				790522342078ECEC00ACAA7B /* Find somethings */,
			);
		};
/* End PBXProject section */

/* Begin PBXResourcesBuildPhase section */
		790522332078ECEC00ACAA7B /* Resources */ = {
			isa = PBXResourcesBuildPhase;
			buildActionMask = 2147483647;
			files = (
				790522462078ECEC00ACAA7B /* LaunchScreen.storyboard in Resources */,
				790522432078ECEC00ACAA7B /* Assets.xcassets in Resources */,
				7905223E2078ECEC00ACAA7B /* Main.storyboard in Resources */,
			);
			runOnlyForDeploymentPostprocessing = 0;
		};
/* End PBXResourcesBuildPhase section */

/* Begin PBXSourcesBuildPhase section */
		790522312078ECEC00ACAA7B /* Sources */ = {
			isa = PBXSourcesBuildPhase;
			buildActionMask = 2147483647;
			files = (
				7905223B2078ECEC00ACAA7B /* ViewController.swift in Sources */,
				790522412078ECEC00ACAA7B /* Find_somethings.xcdatamodeld in Sources */,
				790522392078ECEC00ACAA7B /* AppDelegate.swift in Sources */,
			);
			runOnlyForDeploymentPostprocessing = 0;
		};
/* End PBXSourcesBuildPhase section */

/* Begin PBXVariantGroup section */
		7905223C2078ECEC00ACAA7B /* Main.storyboard */ = {
			isa = PBXVariantGroup;
			children = (
				7905223D2078ECEC00ACAA7B /* Base */,
			);
			name = Main.storyboard;
			sourceTree = "<group>";
		};
		790522442078ECEC00ACAA7B /* LaunchScreen.storyboard */ = {
			isa = PBXVariantGroup;
			children = (
				790522452078ECEC00ACAA7B /* Base */,
			);
			name = LaunchScreen.storyboard;
			sourceTree = "<group>";
		};
/* End PBXVariantGroup section */

/* Begin XCBuildConfiguration section */
		790522482078ECEC00ACAA7B /* Debug */ = {
			isa = XCBuildConfiguration;
			buildSettings = {
				ALWAYS_SEARCH_USER_PATHS = NO;
				CLANG_ANALYZER_NONNULL = YES;
				CLANG_ANALYZER_NUMBER_OBJECT_CONVERSION = YES_AGGRESSIVE;
				CLANG_CXX_LANGUAGE_STANDARD = "gnu++14";
				CLANG_CXX_LIBRARY = "libc++";
				CLANG_ENABLE_MODULES = YES;
				CLANG_ENABLE_OBJC_ARC = YES;
				CLANG_WARN_BLOCK_CAPTURE_AUTORELEASING = YES;
				CLANG_WARN_BOOL_CONVERSION = YES;
				CLANG_WARN_COMMA = YES;
				CLANG_WARN_CONSTANT_CONVERSION = YES;
				CLANG_WARN_DIRECT_OBJC_ISA_USAGE = YES_ERROR;
				CLANG_WARN_DOCUMENTATION_COMMENTS = YES;
				CLANG_WARN_EMPTY_BODY = YES;
				CLANG_WARN_ENUM_CONVERSION = YES;
				CLANG_WARN_INFINITE_RECURSION = YES;
				CLANG_WARN_INT_CONVERSION = YES;
				CLANG_WARN_NON_LITERAL_NULL_CONVERSION = YES;
				CLANG_WARN_OBJC_LITERAL_CONVERSION = YES;
				CLANG_WARN_OBJC_ROOT_CLASS = YES_ERROR;
				CLANG_WARN_RANGE_LOOP_ANALYSIS = YES;
				CLANG_WARN_STRICT_PROTOTYPES = YES;
				CLANG_WARN_SUSPICIOUS_MOVE = YES;
				CLANG_WARN_UNGUARDED_AVAILABILITY = YES_AGGRESSIVE;
				CLANG_WARN_UNREACHABLE_CODE = YES;
				CLANG_WARN__DUPLICATE_METHOD_MATCH = YES;
				CODE_SIGN_IDENTITY = "iPhone Developer";
				COPY_PHASE_STRIP = NO;
				DEBUG_INFORMATION_FORMAT = dwarf;
				ENABLE_STRICT_OBJC_MSGSEND = YES;
				ENABLE_TESTABILITY = YES;
				GCC_C_LANGUAGE_STANDARD = gnu11;
				GCC_DYNAMIC_NO_PIC = NO;
				GCC_NO_COMMON_BLOCKS = YES;
				GCC_OPTIMIZATION_LEVEL = 0;
				GCC_PREPROCESSOR_DEFINITIONS = (
					"DEBUG=1",
					"$(inherited)",
				);
				GCC_WARN_64_TO_32_BIT_CONVERSION = YES;
				GCC_WARN_ABOUT_RETURN_TYPE = YES_ERROR;
				GCC_WARN_UNDECLARED_SELECTOR = YES;
				GCC_WARN_UNINITIALIZED_AUTOS = YES_AGGRESSIVE;
				GCC_WARN_UNUSED_FUNCTION = YES;
				GCC_WARN_UNUSED_VARIABLE = YES;
				IPHONEOS_DEPLOYMENT_TARGET = 11.1;
				MTL_ENABLE_DEBUG_INFO = YES;
				ONLY_ACTIVE_ARCH = YES;
				SDKROOT = iphoneos;
				SWIFT_ACTIVE_COMPILATION_CONDITIONS = DEBUG;
				SWIFT_OPTIMIZATION_LEVEL = "-Onone";
			};
			name = Debug;
		};
		790522492078ECEC00ACAA7B /* Release */ = {
			isa = XCBuildConfiguration;
			buildSettings = {
				ALWAYS_SEARCH_USER_PATHS = NO;
				CLANG_ANALYZER_NONNULL = YES;
				CLANG_ANALYZER_NUMBER_OBJECT_CONVERSION = YES_AGGRESSIVE;
				CLANG_CXX_LANGUAGE_STANDARD = "gnu++14";
				CLANG_CXX_LIBRARY = "libc++";
				CLANG_ENABLE_MODULES = YES;
				CLANG_ENABLE_OBJC_ARC = YES;
				CLANG_WARN_BLOCK_CAPTURE_AUTORELEASING = YES;
				CLANG_WARN_BOOL_CONVERSION = YES;
				CLANG_WARN_COMMA = YES;
				CLANG_WARN_CONSTANT_CONVERSION = YES;
				CLANG_WARN_DIRECT_OBJC_ISA_USAGE = YES_ERROR;
				CLANG_WARN_DOCUMENTATION_COMMENTS = YES;
				CLANG_WARN_EMPTY_BODY = YES;
				CLANG_WARN_ENUM_CONVERSION = YES;
				CLANG_WARN_INFINITE_RECURSION = YES;
				CLANG_WARN_INT_CONVERSION = YES;
				CLANG_WARN_NON_LITERAL_NULL_CONVERSION = YES;
				CLANG_WARN_OBJC_LITERAL_CONVERSION = YES;
				CLANG_WARN_OBJC_ROOT_CLASS = YES_ERROR;
				CLANG_WARN_RANGE_LOOP_ANALYSIS = YES;
				CLANG_WARN_STRICT_PROTOTYPES = YES;
				CLANG_WARN_SUSPICIOUS_MOVE = YES;
				CLANG_WARN_UNGUARDED_AVAILABILITY = YES_AGGRESSIVE;
				CLANG_WARN_UNREACHABLE_CODE = YES;
				CLANG_WARN__DUPLICATE_METHOD_MATCH = YES;
				CODE_SIGN_IDENTITY = "iPhone Developer";
				COPY_PHASE_STRIP = NO;
				DEBUG_INFORMATION_FORMAT = "dwarf-with-dsym";
				ENABLE_NS_ASSERTIONS = NO;
				ENABLE_STRICT_OBJC_MSGSEND = YES;
				GCC_C_LANGUAGE_STANDARD = gnu11;
				GCC_NO_COMMON_BLOCKS = YES;
				GCC_WARN_64_TO_32_BIT_CONVERSION = YES;
				GCC_WARN_ABOUT_RETURN_TYPE = YES_ERROR;
				GCC_WARN_UNDECLARED_SELECTOR = YES;
				GCC_WARN_UNINITIALIZED_AUTOS = YES_AGGRESSIVE;
				GCC_WARN_UNUSED_FUNCTION = YES;
				GCC_WARN_UNUSED_VARIABLE = YES;
				IPHONEOS_DEPLOYMENT_TARGET = 11.1;
				MTL_ENABLE_DEBUG_INFO = NO;
				SDKROOT = iphoneos;
				SWIFT_OPTIMIZATION_LEVEL = "-Owholemodule";
				VALIDATE_PRODUCT = YES;
			};
			name = Release;
		};
		7905224B2078ECEC00ACAA7B /* Debug */ = {
			isa = XCBuildConfiguration;
			buildSettings = {
				ASSETCATALOG_COMPILER_APPICON_NAME = AppIcon;
				CODE_SIGN_STYLE = Automatic;
				DEVELOPMENT_TEAM = 25CC2J3ZAG;
				INFOPLIST_FILE = "Find somethings/Info.plist";
				LD_RUNPATH_SEARCH_PATHS = "$(inherited) @executable_path/Frameworks";
				PRODUCT_BUNDLE_IDENTIFIER = "com.wangzhipeng.wakaka.Find-somethings";
				PRODUCT_NAME = "$(TARGET_NAME)";
				SWIFT_VERSION = 4.0;
				TARGETED_DEVICE_FAMILY = "1,2";
			};
			name = Debug;
		};
		7905224C2078ECEC00ACAA7B /* Release */ = {
			isa = XCBuildConfiguration;
			buildSettings = {
				ASSETCATALOG_COMPILER_APPICON_NAME = AppIcon;
				CODE_SIGN_STYLE = Automatic;
				DEVELOPMENT_TEAM = 25CC2J3ZAG;
				INFOPLIST_FILE = "Find somethings/Info.plist";
				LD_RUNPATH_SEARCH_PATHS = "$(inherited) @executable_path/Frameworks";
				PRODUCT_BUNDLE_IDENTIFIER = "com.wangzhipeng.wakaka.Find-somethings";
				PRODUCT_NAME = "$(TARGET_NAME)";
				SWIFT_VERSION = 4.0;
				TARGETED_DEVICE_FAMILY = "1,2";
			};
			name = Release;
		};
/* End XCBuildConfiguration section */

/* Begin XCConfigurationList section */
		790522302078ECEC00ACAA7B /* Build configuration list for PBXProject "Find somethings" */ = {
			isa = XCConfigurationList;
			buildConfigurations = (
				790522482078ECEC00ACAA7B /* Debug */,
				790522492078ECEC00ACAA7B /* Release */,
			);
			defaultConfigurationIsVisible = 0;
			defaultConfigurationName = Release;
		};
		7905224A2078ECEC00ACAA7B /* Build configuration list for PBXNativeTarget "Find somethings" */ = {
			isa = XCConfigurationList;
			buildConfigurations = (
				7905224B2078ECEC00ACAA7B /* Debug */,
				7905224C2078ECEC00ACAA7B /* Release */,
			);
			defaultConfigurationIsVisible = 0;
			defaultConfigurationName = Release;
		};
/* End XCConfigurationList section */

/* Begin XCVersionGroup section */
		7905223F2078ECEC00ACAA7B /* Find_somethings.xcdatamodeld */ = {
			isa = XCVersionGroup;
			children = (
				790522402078ECEC00ACAA7B /* Find_somethings.xcdatamodel */,
			);
			currentVersion = 790522402078ECEC00ACAA7B /* Find_somethings.xcdatamodel */;
			path = Find_somethings.xcdatamodeld;
			sourceTree = "<group>";
			versionGroupType = wrapper.xcdatamodel;
		};
/* End XCVersionGroup section */
	};
	rootObject = 7905222D2078ECEC00ACAA7B /* Project object */;
}
